// !$*UTF8*$!
{
	archiveVersion = 1;
	classes = {
	};
	objectVersion = 46;
	objects = {

/* Begin PBXBuildFile section */
		2C64967B6E7F64E45B12D38D /* Pods_StudentLinkUITests.framework in Frameworks */ = {isa = PBXBuildFile; fileRef = 81AF3B38A3C2DA40E2F5EB6F /* Pods_StudentLinkUITests.framework */; };
		30AA4CCB1D973A4D0007CD81 /* MainTabBarController.swift in Sources */ = {isa = PBXBuildFile; fileRef = 30AA4CCA1D973A4D0007CD81 /* MainTabBarController.swift */; };
		30AA4CCD1D973B9B0007CD81 /* Main.storyboard in Resources */ = {isa = PBXBuildFile; fileRef = 30AA4CCC1D973B9B0007CD81 /* Main.storyboard */; };
		30AA4CCF1D9757C50007CD81 /* SignInView.storyboard in Resources */ = {isa = PBXBuildFile; fileRef = 30AA4CCE1D9757C50007CD81 /* SignInView.storyboard */; };
		30AA4CD11D9757FC0007CD81 /* SignInViewController.swift in Sources */ = {isa = PBXBuildFile; fileRef = 30AA4CD01D9757FC0007CD81 /* SignInViewController.swift */; };
		30AA4CD31D975EE50007CD81 /* StudentLinkUserDefaults.swift in Sources */ = {isa = PBXBuildFile; fileRef = 30AA4CD21D975EE50007CD81 /* StudentLinkUserDefaults.swift */; };
		30AA4CD51D97605C0007CD81 /* UIViewController+Extras.swift in Sources */ = {isa = PBXBuildFile; fileRef = 30AA4CD41D97605C0007CD81 /* UIViewController+Extras.swift */; };
		30AA4CD71D9763B10007CD81 /* DataService.swift in Sources */ = {isa = PBXBuildFile; fileRef = 30AA4CD61D9763B10007CD81 /* DataService.swift */; };
		30AA4CDB1D9779450007CD81 /* HomeView.storyboard in Resources */ = {isa = PBXBuildFile; fileRef = 30AA4CDA1D9779450007CD81 /* HomeView.storyboard */; };
		30AA4CDD1D97794E0007CD81 /* HomeViewController.swift in Sources */ = {isa = PBXBuildFile; fileRef = 30AA4CDC1D97794E0007CD81 /* HomeViewController.swift */; };
		30AA4CDF1D977A630007CD81 /* ClassCell.swift in Sources */ = {isa = PBXBuildFile; fileRef = 30AA4CDE1D977A630007CD81 /* ClassCell.swift */; };
		30AA4CE11D97817F0007CD81 /* UIColor+Extras.swift in Sources */ = {isa = PBXBuildFile; fileRef = 30AA4CE01D97817F0007CD81 /* UIColor+Extras.swift */; };
		7E0A7CE31D973ED900315584 /* FBSDKCoreKit.framework in Frameworks */ = {isa = PBXBuildFile; fileRef = 7E0A7CE11D973ED900315584 /* FBSDKCoreKit.framework */; };
		7E0A7CE41D973ED900315584 /* FBSDKLoginKit.framework in Frameworks */ = {isa = PBXBuildFile; fileRef = 7E0A7CE21D973ED900315584 /* FBSDKLoginKit.framework */; };
		7E0A7CE61D973EE200315584 /* Bolts.framework in Frameworks */ = {isa = PBXBuildFile; fileRef = 7E0A7CE51D973EE200315584 /* Bolts.framework */; };
		7E62F69F1D974F6400BA478D /* ScheduleCell.swift in Sources */ = {isa = PBXBuildFile; fileRef = 7E62F69E1D974F6400BA478D /* ScheduleCell.swift */; };
		7E62F6A11D9768F300BA478D /* GoogleService-Info.plist in Resources */ = {isa = PBXBuildFile; fileRef = 7E62F6A01D9768F300BA478D /* GoogleService-Info.plist */; };
		7E62F6A31D97763800BA478D /* Upload.storyboard in Resources */ = {isa = PBXBuildFile; fileRef = 7E62F6A21D97763800BA478D /* Upload.storyboard */; };
		7E62F6A51D9777E700BA478D /* UploadViewController.swift in Sources */ = {isa = PBXBuildFile; fileRef = 7E62F6A41D9777E700BA478D /* UploadViewController.swift */; };
		7E68FD051D97409A00809FB5 /* LoginView.storyboard in Resources */ = {isa = PBXBuildFile; fileRef = 7E68FD041D97409A00809FB5 /* LoginView.storyboard */; };
		7E68FD071D97417900809FB5 /* LoginViewController.swift in Sources */ = {isa = PBXBuildFile; fileRef = 7E68FD061D97417900809FB5 /* LoginViewController.swift */; };
		7E68FD091D97453200809FB5 /* scheduleViewController.swift in Sources */ = {isa = PBXBuildFile; fileRef = 7E68FD081D97453200809FB5 /* scheduleViewController.swift */; };
		7E68FD0B1D97455600809FB5 /* ScheduleStoryboard.storyboard in Resources */ = {isa = PBXBuildFile; fileRef = 7E68FD0A1D97455600809FB5 /* ScheduleStoryboard.storyboard */; };
		7E68FD0D1D9746EC00809FB5 /* ClassModel.swift in Sources */ = {isa = PBXBuildFile; fileRef = 7E68FD0C1D9746EC00809FB5 /* ClassModel.swift */; };
		7EC2E83A1D97274200248BD0 /* AppDelegate.swift in Sources */ = {isa = PBXBuildFile; fileRef = 7EC2E8391D97274200248BD0 /* AppDelegate.swift */; };
		7EC2E8421D97274200248BD0 /* StudentLink.xcdatamodeld in Sources */ = {isa = PBXBuildFile; fileRef = 7EC2E8401D97274200248BD0 /* StudentLink.xcdatamodeld */; };
		7EC2E8441D97274200248BD0 /* Assets.xcassets in Resources */ = {isa = PBXBuildFile; fileRef = 7EC2E8431D97274200248BD0 /* Assets.xcassets */; };
		7EC2E8471D97274200248BD0 /* LaunchScreen.storyboard in Resources */ = {isa = PBXBuildFile; fileRef = 7EC2E8451D97274200248BD0 /* LaunchScreen.storyboard */; };
		7EC2E8521D97274200248BD0 /* StudentLinkUITests.swift in Sources */ = {isa = PBXBuildFile; fileRef = 7EC2E8511D97274200248BD0 /* StudentLinkUITests.swift */; };
		F2A38115DAF8549E9AB0DE52 /* Pods_StudentLink.framework in Frameworks */ = {isa = PBXBuildFile; fileRef = 4186B20BDD50CE93FE5E83AF /* Pods_StudentLink.framework */; };
/* End PBXBuildFile section */

/* Begin PBXContainerItemProxy section */
		7EC2E84E1D97274200248BD0 /* PBXContainerItemProxy */ = {
			isa = PBXContainerItemProxy;
			containerPortal = 7EC2E82E1D97274200248BD0 /* Project object */;
			proxyType = 1;
			remoteGlobalIDString = 7EC2E8351D97274200248BD0;
			remoteInfo = StudentLink;
		};
/* End PBXContainerItemProxy section */

/* Begin PBXFileReference section */
		30AA4CCA1D973A4D0007CD81 /* MainTabBarController.swift */ = {isa = PBXFileReference; fileEncoding = 4; lastKnownFileType = sourcecode.swift; name = MainTabBarController.swift; path = Controllers/MainTabBarController.swift; sourceTree = "<group>"; };
		30AA4CCC1D973B9B0007CD81 /* Main.storyboard */ = {isa = PBXFileReference; fileEncoding = 4; lastKnownFileType = file.storyboard; name = Main.storyboard; path = View/Main.storyboard; sourceTree = "<group>"; };
		30AA4CCE1D9757C50007CD81 /* SignInView.storyboard */ = {isa = PBXFileReference; fileEncoding = 4; lastKnownFileType = file.storyboard; path = SignInView.storyboard; sourceTree = "<group>"; };
		30AA4CD01D9757FC0007CD81 /* SignInViewController.swift */ = {isa = PBXFileReference; fileEncoding = 4; lastKnownFileType = sourcecode.swift; path = SignInViewController.swift; sourceTree = "<group>"; };
		30AA4CD21D975EE50007CD81 /* StudentLinkUserDefaults.swift */ = {isa = PBXFileReference; fileEncoding = 4; lastKnownFileType = sourcecode.swift; path = StudentLinkUserDefaults.swift; sourceTree = "<group>"; };
		30AA4CD41D97605C0007CD81 /* UIViewController+Extras.swift */ = {isa = PBXFileReference; fileEncoding = 4; lastKnownFileType = sourcecode.swift; path = "UIViewController+Extras.swift"; sourceTree = "<group>"; };
		30AA4CD61D9763B10007CD81 /* DataService.swift */ = {isa = PBXFileReference; fileEncoding = 4; lastKnownFileType = sourcecode.swift; path = DataService.swift; sourceTree = "<group>"; };
		30AA4CDA1D9779450007CD81 /* HomeView.storyboard */ = {isa = PBXFileReference; fileEncoding = 4; lastKnownFileType = file.storyboard; path = HomeView.storyboard; sourceTree = "<group>"; };
		30AA4CDC1D97794E0007CD81 /* HomeViewController.swift */ = {isa = PBXFileReference; fileEncoding = 4; lastKnownFileType = sourcecode.swift; path = HomeViewController.swift; sourceTree = "<group>"; };
		30AA4CDE1D977A630007CD81 /* ClassCell.swift */ = {isa = PBXFileReference; fileEncoding = 4; lastKnownFileType = sourcecode.swift; path = ClassCell.swift; sourceTree = "<group>"; };
		30AA4CE01D97817F0007CD81 /* UIColor+Extras.swift */ = {isa = PBXFileReference; fileEncoding = 4; lastKnownFileType = sourcecode.swift; path = "UIColor+Extras.swift"; sourceTree = "<group>"; };
		4186B20BDD50CE93FE5E83AF /* Pods_StudentLink.framework */ = {isa = PBXFileReference; explicitFileType = wrapper.framework; includeInIndex = 0; path = Pods_StudentLink.framework; sourceTree = BUILT_PRODUCTS_DIR; };
		6D8FEF1FDC37992E8582AF44 /* Pods-StudentLink.release.xcconfig */ = {isa = PBXFileReference; includeInIndex = 1; lastKnownFileType = text.xcconfig; name = "Pods-StudentLink.release.xcconfig"; path = "Pods/Target Support Files/Pods-StudentLink/Pods-StudentLink.release.xcconfig"; sourceTree = "<group>"; };
		7B7D4D2DF36ACA9533B0DC90 /* Pods-StudentLinkUITests.release.xcconfig */ = {isa = PBXFileReference; includeInIndex = 1; lastKnownFileType = text.xcconfig; name = "Pods-StudentLinkUITests.release.xcconfig"; path = "Pods/Target Support Files/Pods-StudentLinkUITests/Pods-StudentLinkUITests.release.xcconfig"; sourceTree = "<group>"; };
		7E0A7CE11D973ED900315584 /* FBSDKCoreKit.framework */ = {isa = PBXFileReference; lastKnownFileType = wrapper.framework; path = FBSDKCoreKit.framework; sourceTree = "<group>"; };
		7E0A7CE21D973ED900315584 /* FBSDKLoginKit.framework */ = {isa = PBXFileReference; lastKnownFileType = wrapper.framework; path = FBSDKLoginKit.framework; sourceTree = "<group>"; };
		7E0A7CE51D973EE200315584 /* Bolts.framework */ = {isa = PBXFileReference; lastKnownFileType = wrapper.framework; path = Bolts.framework; sourceTree = "<group>"; };
		7E62F69E1D974F6400BA478D /* ScheduleCell.swift */ = {isa = PBXFileReference; fileEncoding = 4; lastKnownFileType = sourcecode.swift; name = ScheduleCell.swift; path = Models/TableCell/ScheduleCell.swift; sourceTree = "<group>"; };
		7E62F6A01D9768F300BA478D /* GoogleService-Info.plist */ = {isa = PBXFileReference; fileEncoding = 4; lastKnownFileType = text.plist.xml; path = "GoogleService-Info.plist"; sourceTree = "<group>"; };
		7E62F6A21D97763800BA478D /* Upload.storyboard */ = {isa = PBXFileReference; fileEncoding = 4; lastKnownFileType = file.storyboard; path = Upload.storyboard; sourceTree = "<group>"; };
		7E62F6A41D9777E700BA478D /* UploadViewController.swift */ = {isa = PBXFileReference; fileEncoding = 4; lastKnownFileType = sourcecode.swift; path = UploadViewController.swift; sourceTree = "<group>"; };
		7E68FD041D97409A00809FB5 /* LoginView.storyboard */ = {isa = PBXFileReference; fileEncoding = 4; lastKnownFileType = file.storyboard; name = LoginView.storyboard; path = View/LoginView.storyboard; sourceTree = "<group>"; };
		7E68FD061D97417900809FB5 /* LoginViewController.swift */ = {isa = PBXFileReference; fileEncoding = 4; lastKnownFileType = sourcecode.swift; name = LoginViewController.swift; path = Controllers/LoginViewController.swift; sourceTree = "<group>"; };
		7E68FD081D97453200809FB5 /* scheduleViewController.swift */ = {isa = PBXFileReference; fileEncoding = 4; lastKnownFileType = sourcecode.swift; name = scheduleViewController.swift; path = Controllers/scheduleViewController.swift; sourceTree = "<group>"; };
		7E68FD0A1D97455600809FB5 /* ScheduleStoryboard.storyboard */ = {isa = PBXFileReference; fileEncoding = 4; lastKnownFileType = file.storyboard; path = ScheduleStoryboard.storyboard; sourceTree = "<group>"; };
		7E68FD0C1D9746EC00809FB5 /* ClassModel.swift */ = {isa = PBXFileReference; fileEncoding = 4; lastKnownFileType = sourcecode.swift; name = ClassModel.swift; path = Models/ClassModel.swift; sourceTree = "<group>"; };
		7EC2E8361D97274200248BD0 /* StudentLink.app */ = {isa = PBXFileReference; explicitFileType = wrapper.application; includeInIndex = 0; path = StudentLink.app; sourceTree = BUILT_PRODUCTS_DIR; };
		7EC2E8391D97274200248BD0 /* AppDelegate.swift */ = {isa = PBXFileReference; lastKnownFileType = sourcecode.swift; path = AppDelegate.swift; sourceTree = "<group>"; };
		7EC2E8411D97274200248BD0 /* StudentLink.xcdatamodel */ = {isa = PBXFileReference; lastKnownFileType = wrapper.xcdatamodel; path = StudentLink.xcdatamodel; sourceTree = "<group>"; };
		7EC2E8431D97274200248BD0 /* Assets.xcassets */ = {isa = PBXFileReference; lastKnownFileType = folder.assetcatalog; path = Assets.xcassets; sourceTree = "<group>"; };
		7EC2E8461D97274200248BD0 /* Base */ = {isa = PBXFileReference; lastKnownFileType = file.storyboard; name = Base; path = Base.lproj/LaunchScreen.storyboard; sourceTree = "<group>"; };
		7EC2E8481D97274200248BD0 /* Info.plist */ = {isa = PBXFileReference; lastKnownFileType = text.plist.xml; path = Info.plist; sourceTree = "<group>"; };
		7EC2E84D1D97274200248BD0 /* StudentLinkUITests.xctest */ = {isa = PBXFileReference; explicitFileType = wrapper.cfbundle; includeInIndex = 0; path = StudentLinkUITests.xctest; sourceTree = BUILT_PRODUCTS_DIR; };
		7EC2E8511D97274200248BD0 /* StudentLinkUITests.swift */ = {isa = PBXFileReference; lastKnownFileType = sourcecode.swift; path = StudentLinkUITests.swift; sourceTree = "<group>"; };
		7EC2E8531D97274200248BD0 /* Info.plist */ = {isa = PBXFileReference; lastKnownFileType = text.plist.xml; path = Info.plist; sourceTree = "<group>"; };
		81AF3B38A3C2DA40E2F5EB6F /* Pods_StudentLinkUITests.framework */ = {isa = PBXFileReference; explicitFileType = wrapper.framework; includeInIndex = 0; path = Pods_StudentLinkUITests.framework; sourceTree = BUILT_PRODUCTS_DIR; };
		A0D74502D4613ADE973C7F5B /* Pods-StudentLinkUITests.debug.xcconfig */ = {isa = PBXFileReference; includeInIndex = 1; lastKnownFileType = text.xcconfig; name = "Pods-StudentLinkUITests.debug.xcconfig"; path = "Pods/Target Support Files/Pods-StudentLinkUITests/Pods-StudentLinkUITests.debug.xcconfig"; sourceTree = "<group>"; };
		A8A38D40D498274892667242 /* Pods-StudentLink.debug.xcconfig */ = {isa = PBXFileReference; includeInIndex = 1; lastKnownFileType = text.xcconfig; name = "Pods-StudentLink.debug.xcconfig"; path = "Pods/Target Support Files/Pods-StudentLink/Pods-StudentLink.debug.xcconfig"; sourceTree = "<group>"; };
/* End PBXFileReference section */

/* Begin PBXFrameworksBuildPhase section */
		7EC2E8331D97274200248BD0 /* Frameworks */ = {
			isa = PBXFrameworksBuildPhase;
			buildActionMask = 2147483647;
			files = (
				F2A38115DAF8549E9AB0DE52 /* Pods_StudentLink.framework in Frameworks */,
				7E0A7CE31D973ED900315584 /* FBSDKCoreKit.framework in Frameworks */,
				7E0A7CE41D973ED900315584 /* FBSDKLoginKit.framework in Frameworks */,
				7E0A7CE61D973EE200315584 /* Bolts.framework in Frameworks */,
			);
			runOnlyForDeploymentPostprocessing = 0;
		};
		7EC2E84A1D97274200248BD0 /* Frameworks */ = {
			isa = PBXFrameworksBuildPhase;
			buildActionMask = 2147483647;
			files = (
				2C64967B6E7F64E45B12D38D /* Pods_StudentLinkUITests.framework in Frameworks */,
			);
			runOnlyForDeploymentPostprocessing = 0;
		};
/* End PBXFrameworksBuildPhase section */

/* Begin PBXGroup section */
		351E22E935AF064413765C45 /* Frameworks */ = {
			isa = PBXGroup;
			children = (
				7E0A7CE51D973EE200315584 /* Bolts.framework */,
				7E0A7CE11D973ED900315584 /* FBSDKCoreKit.framework */,
				7E0A7CE21D973ED900315584 /* FBSDKLoginKit.framework */,
				4186B20BDD50CE93FE5E83AF /* Pods_StudentLink.framework */,
				81AF3B38A3C2DA40E2F5EB6F /* Pods_StudentLinkUITests.framework */,
			);
			name = Frameworks;
			sourceTree = "<group>";
		};
		7E62F69D1D974F0B00BA478D /* Table Cells */ = {
			isa = PBXGroup;
			children = (
				7E62F69E1D974F6400BA478D /* ScheduleCell.swift */,
				30AA4CDE1D977A630007CD81 /* ClassCell.swift */,
			);
			name = "Table Cells";
			sourceTree = "<group>";
		};
		7EC2E82D1D97274200248BD0 = {
			isa = PBXGroup;
			children = (
				7EC2E8381D97274200248BD0 /* StudentLink */,
				7EC2E8501D97274200248BD0 /* StudentLinkUITests */,
				7EC2E8371D97274200248BD0 /* Products */,
				E1C4A81832BD37BC41C31F9C /* Pods */,
				351E22E935AF064413765C45 /* Frameworks */,
			);
			sourceTree = "<group>";
		};
		7EC2E8371D97274200248BD0 /* Products */ = {
			isa = PBXGroup;
			children = (
				7EC2E8361D97274200248BD0 /* StudentLink.app */,
				7EC2E84D1D97274200248BD0 /* StudentLinkUITests.xctest */,
			);
			name = Products;
			sourceTree = "<group>";
		};
		7EC2E8381D97274200248BD0 /* StudentLink */ = {
			isa = PBXGroup;
			children = (
				7EC2E85D1D9727D400248BD0 /* Helpers */,
				7EC2E8601D9727F400248BD0 /* Controllers */,
				7EC2E85F1D9727EE00248BD0 /* View */,
				7EC2E85E1D9727DF00248BD0 /* Models */,
				7EC2E85C1D9727C200248BD0 /* Supporting Files */,
			);
			path = StudentLink;
			sourceTree = "<group>";
		};
		7EC2E8501D97274200248BD0 /* StudentLinkUITests */ = {
			isa = PBXGroup;
			children = (
				7EC2E8511D97274200248BD0 /* StudentLinkUITests.swift */,
				7EC2E8531D97274200248BD0 /* Info.plist */,
			);
			path = StudentLinkUITests;
			sourceTree = "<group>";
		};
		7EC2E85C1D9727C200248BD0 /* Supporting Files */ = {
			isa = PBXGroup;
			children = (
				7EC2E8391D97274200248BD0 /* AppDelegate.swift */,
				7EC2E8431D97274200248BD0 /* Assets.xcassets */,
				7E62F6A01D9768F300BA478D /* GoogleService-Info.plist */,
				7EC2E8451D97274200248BD0 /* LaunchScreen.storyboard */,
				7EC2E8481D97274200248BD0 /* Info.plist */,
				7EC2E8401D97274200248BD0 /* StudentLink.xcdatamodeld */,
			);
			name = "Supporting Files";
			sourceTree = "<group>";
		};
		7EC2E85D1D9727D400248BD0 /* Helpers */ = {
			isa = PBXGroup;
			children = (
				7EC2E8621D9727FD00248BD0 /* Networking */,
				7EC2E8611D9727F900248BD0 /* Extensions */,
				30AA4CD21D975EE50007CD81 /* StudentLinkUserDefaults.swift */,
			);
			name = Helpers;
			sourceTree = "<group>";
		};
		7EC2E85E1D9727DF00248BD0 /* Models */ = {
			isa = PBXGroup;
			children = (
				7E68FD0C1D9746EC00809FB5 /* ClassModel.swift */,
				7E62F69D1D974F0B00BA478D /* Table Cells */,
			);
			name = Models;
			sourceTree = "<group>";
		};
		7EC2E85F1D9727EE00248BD0 /* View */ = {
			isa = PBXGroup;
			children = (
				30AA4CCC1D973B9B0007CD81 /* Main.storyboard */,
				7E68FD041D97409A00809FB5 /* LoginView.storyboard */,
				30AA4CCE1D9757C50007CD81 /* SignInView.storyboard */,
				7E68FD0A1D97455600809FB5 /* ScheduleStoryboard.storyboard */,
				7E62F6A21D97763800BA478D /* Upload.storyboard */,
				30AA4CDA1D9779450007CD81 /* HomeView.storyboard */,
			);
			name = View;
			sourceTree = "<group>";
		};
		7EC2E8601D9727F400248BD0 /* Controllers */ = {
			isa = PBXGroup;
			children = (
				30AA4CCA1D973A4D0007CD81 /* MainTabBarController.swift */,
				7E68FD061D97417900809FB5 /* LoginViewController.swift */,
				7E68FD081D97453200809FB5 /* scheduleViewController.swift */,
				30AA4CD01D9757FC0007CD81 /* SignInViewController.swift */,
				7E62F6A41D9777E700BA478D /* UploadViewController.swift */,
				30AA4CDC1D97794E0007CD81 /* HomeViewController.swift */,
			);
			name = Controllers;
			sourceTree = "<group>";
		};
		7EC2E8611D9727F900248BD0 /* Extensions */ = {
			isa = PBXGroup;
			children = (
				30AA4CD41D97605C0007CD81 /* UIViewController+Extras.swift */,
				30AA4CE01D97817F0007CD81 /* UIColor+Extras.swift */,
			);
			name = Extensions;
			sourceTree = "<group>";
		};
		7EC2E8621D9727FD00248BD0 /* Networking */ = {
			isa = PBXGroup;
			children = (
				30AA4CD61D9763B10007CD81 /* DataService.swift */,
			);
			name = Networking;
			sourceTree = "<group>";
		};
		E1C4A81832BD37BC41C31F9C /* Pods */ = {
			isa = PBXGroup;
			children = (
				A8A38D40D498274892667242 /* Pods-StudentLink.debug.xcconfig */,
				6D8FEF1FDC37992E8582AF44 /* Pods-StudentLink.release.xcconfig */,
				A0D74502D4613ADE973C7F5B /* Pods-StudentLinkUITests.debug.xcconfig */,
				7B7D4D2DF36ACA9533B0DC90 /* Pods-StudentLinkUITests.release.xcconfig */,
			);
			name = Pods;
			sourceTree = "<group>";
		};
/* End PBXGroup section */

/* Begin PBXNativeTarget section */
		7EC2E8351D97274200248BD0 /* StudentLink */ = {
			isa = PBXNativeTarget;
			buildConfigurationList = 7EC2E8561D97274200248BD0 /* Build configuration list for PBXNativeTarget "StudentLink" */;
			buildPhases = (
				4078973D6D2DDD3CA481A00E /* [CP] Check Pods Manifest.lock */,
				7EC2E8321D97274200248BD0 /* Sources */,
				7EC2E8331D97274200248BD0 /* Frameworks */,
				7EC2E8341D97274200248BD0 /* Resources */,
				D3771098571094627DCA3E1C /* [CP] Embed Pods Frameworks */,
				B53EBA5BDEEC6653E0A20ECB /* [CP] Copy Pods Resources */,
			);
			buildRules = (
			);
			dependencies = (
			);
			name = StudentLink;
			productName = StudentLink;
			productReference = 7EC2E8361D97274200248BD0 /* StudentLink.app */;
			productType = "com.apple.product-type.application";
		};
		7EC2E84C1D97274200248BD0 /* StudentLinkUITests */ = {
			isa = PBXNativeTarget;
			buildConfigurationList = 7EC2E8591D97274200248BD0 /* Build configuration list for PBXNativeTarget "StudentLinkUITests" */;
			buildPhases = (
				9120BB993A6E797744836BC7 /* [CP] Check Pods Manifest.lock */,
				7EC2E8491D97274200248BD0 /* Sources */,
				7EC2E84A1D97274200248BD0 /* Frameworks */,
				7EC2E84B1D97274200248BD0 /* Resources */,
				640658555932C2F01A315329 /* [CP] Copy Pods Resources */,
				F4155CF74E678D98769D83C5 /* [CP] Embed Pods Frameworks */,
			);
			buildRules = (
			);
			dependencies = (
				7EC2E84F1D97274200248BD0 /* PBXTargetDependency */,
			);
			name = StudentLinkUITests;
			productName = StudentLinkUITests;
			productReference = 7EC2E84D1D97274200248BD0 /* StudentLinkUITests.xctest */;
			productType = "com.apple.product-type.bundle.ui-testing";
		};
/* End PBXNativeTarget section */

/* Begin PBXProject section */
		7EC2E82E1D97274200248BD0 /* Project object */ = {
			isa = PBXProject;
			attributes = {
				LastSwiftUpdateCheck = 0730;
				LastUpgradeCheck = 0730;
				ORGANIZATIONNAME = StudentLink;
				TargetAttributes = {
					7EC2E8351D97274200248BD0 = {
						CreatedOnToolsVersion = 7.3.1;
					};
					7EC2E84C1D97274200248BD0 = {
						CreatedOnToolsVersion = 7.3.1;
						TestTargetID = 7EC2E8351D97274200248BD0;
					};
				};
			};
			buildConfigurationList = 7EC2E8311D97274200248BD0 /* Build configuration list for PBXProject "StudentLink" */;
			compatibilityVersion = "Xcode 3.2";
			developmentRegion = English;
			hasScannedForEncodings = 0;
			knownRegions = (
				en,
				Base,
			);
			mainGroup = 7EC2E82D1D97274200248BD0;
			productRefGroup = 7EC2E8371D97274200248BD0 /* Products */;
			projectDirPath = "";
			projectRoot = "";
			targets = (
				7EC2E8351D97274200248BD0 /* StudentLink */,
				7EC2E84C1D97274200248BD0 /* StudentLinkUITests */,
			);
		};
/* End PBXProject section */

/* Begin PBXResourcesBuildPhase section */
		7EC2E8341D97274200248BD0 /* Resources */ = {
			isa = PBXResourcesBuildPhase;
			buildActionMask = 2147483647;
			files = (
				30AA4CDB1D9779450007CD81 /* HomeView.storyboard in Resources */,
				7EC2E8471D97274200248BD0 /* LaunchScreen.storyboard in Resources */,
				7E62F6A31D97763800BA478D /* Upload.storyboard in Resources */,
				30AA4CCF1D9757C50007CD81 /* SignInView.storyboard in Resources */,
				7EC2E8441D97274200248BD0 /* Assets.xcassets in Resources */,
				7E68FD0B1D97455600809FB5 /* ScheduleStoryboard.storyboard in Resources */,
				30AA4CCD1D973B9B0007CD81 /* Main.storyboard in Resources */,
				7E68FD051D97409A00809FB5 /* LoginView.storyboard in Resources */,
				7E62F6A11D9768F300BA478D /* GoogleService-Info.plist in Resources */,
			);
			runOnlyForDeploymentPostprocessing = 0;
		};
		7EC2E84B1D97274200248BD0 /* Resources */ = {
			isa = PBXResourcesBuildPhase;
			buildActionMask = 2147483647;
			files = (
			);
			runOnlyForDeploymentPostprocessing = 0;
		};
/* End PBXResourcesBuildPhase section */

/* Begin PBXShellScriptBuildPhase section */
		4078973D6D2DDD3CA481A00E /* [CP] Check Pods Manifest.lock */ = {
			isa = PBXShellScriptBuildPhase;
			buildActionMask = 2147483647;
			files = (
			);
			inputPaths = (
			);
			name = "[CP] Check Pods Manifest.lock";
			outputPaths = (
			);
			runOnlyForDeploymentPostprocessing = 0;
			shellPath = /bin/sh;
			shellScript = "diff \"${PODS_ROOT}/../Podfile.lock\" \"${PODS_ROOT}/Manifest.lock\" > /dev/null\nif [ $? != 0 ] ; then\n    # print error to STDERR\n    echo \"error: The sandbox is not in sync with the Podfile.lock. Run 'pod install' or update your CocoaPods installation.\" >&2\n    exit 1\nfi\n";
			showEnvVarsInLog = 0;
		};
		640658555932C2F01A315329 /* [CP] Copy Pods Resources */ = {
			isa = PBXShellScriptBuildPhase;
			buildActionMask = 2147483647;
			files = (
			);
			inputPaths = (
			);
			name = "[CP] Copy Pods Resources";
			outputPaths = (
			);
			runOnlyForDeploymentPostprocessing = 0;
			shellPath = /bin/sh;
			shellScript = "\"${SRCROOT}/Pods/Target Support Files/Pods-StudentLinkUITests/Pods-StudentLinkUITests-resources.sh\"\n";
			showEnvVarsInLog = 0;
		};
		9120BB993A6E797744836BC7 /* [CP] Check Pods Manifest.lock */ = {
			isa = PBXShellScriptBuildPhase;
			buildActionMask = 2147483647;
			files = (
			);
			inputPaths = (
			);
			name = "[CP] Check Pods Manifest.lock";
			outputPaths = (
			);
			runOnlyForDeploymentPostprocessing = 0;
			shellPath = /bin/sh;
			shellScript = "diff \"${PODS_ROOT}/../Podfile.lock\" \"${PODS_ROOT}/Manifest.lock\" > /dev/null\nif [ $? != 0 ] ; then\n    # print error to STDERR\n    echo \"error: The sandbox is not in sync with the Podfile.lock. Run 'pod install' or update your CocoaPods installation.\" >&2\n    exit 1\nfi\n";
			showEnvVarsInLog = 0;
		};
		B53EBA5BDEEC6653E0A20ECB /* [CP] Copy Pods Resources */ = {
			isa = PBXShellScriptBuildPhase;
			buildActionMask = 2147483647;
			files = (
			);
			inputPaths = (
			);
			name = "[CP] Copy Pods Resources";
			outputPaths = (
			);
			runOnlyForDeploymentPostprocessing = 0;
			shellPath = /bin/sh;
			shellScript = "\"${SRCROOT}/Pods/Target Support Files/Pods-StudentLink/Pods-StudentLink-resources.sh\"\n";
			showEnvVarsInLog = 0;
		};
		D3771098571094627DCA3E1C /* [CP] Embed Pods Frameworks */ = {
			isa = PBXShellScriptBuildPhase;
			buildActionMask = 2147483647;
			files = (
			);
			inputPaths = (
			);
			name = "[CP] Embed Pods Frameworks";
			outputPaths = (
			);
			runOnlyForDeploymentPostprocessing = 0;
			shellPath = /bin/sh;
			shellScript = "\"${SRCROOT}/Pods/Target Support Files/Pods-StudentLink/Pods-StudentLink-frameworks.sh\"\n";
			showEnvVarsInLog = 0;
		};
		F4155CF74E678D98769D83C5 /* [CP] Embed Pods Frameworks */ = {
			isa = PBXShellScriptBuildPhase;
			buildActionMask = 2147483647;
			files = (
			);
			inputPaths = (
			);
			name = "[CP] Embed Pods Frameworks";
			outputPaths = (
			);
			runOnlyForDeploymentPostprocessing = 0;
			shellPath = /bin/sh;
			shellScript = "\"${SRCROOT}/Pods/Target Support Files/Pods-StudentLinkUITests/Pods-StudentLinkUITests-frameworks.sh\"\n";
			showEnvVarsInLog = 0;
		};
/* End PBXShellScriptBuildPhase section */

/* Begin PBXSourcesBuildPhase section */
		7EC2E8321D97274200248BD0 /* Sources */ = {
			isa = PBXSourcesBuildPhase;
			buildActionMask = 2147483647;
			files = (
				7E68FD0D1D9746EC00809FB5 /* ClassModel.swift in Sources */,
				30AA4CE11D97817F0007CD81 /* UIColor+Extras.swift in Sources */,
				7E62F6A51D9777E700BA478D /* UploadViewController.swift in Sources */,
				7E68FD071D97417900809FB5 /* LoginViewController.swift in Sources */,
				7EC2E8421D97274200248BD0 /* StudentLink.xcdatamodeld in Sources */,
				7E62F69F1D974F6400BA478D /* ScheduleCell.swift in Sources */,
				30AA4CD11D9757FC0007CD81 /* SignInViewController.swift in Sources */,
				30AA4CD71D9763B10007CD81 /* DataService.swift in Sources */,
				7EC2E83A1D97274200248BD0 /* AppDelegate.swift in Sources */,
				30AA4CDF1D977A630007CD81 /* ClassCell.swift in Sources */,
				30AA4CD31D975EE50007CD81 /* StudentLinkUserDefaults.swift in Sources */,
				30AA4CD51D97605C0007CD81 /* UIViewController+Extras.swift in Sources */,
				7E68FD091D97453200809FB5 /* scheduleViewController.swift in Sources */,
				30AA4CDD1D97794E0007CD81 /* HomeViewController.swift in Sources */,
				30AA4CCB1D973A4D0007CD81 /* MainTabBarController.swift in Sources */,
			);
			runOnlyForDeploymentPostprocessing = 0;
		};
		7EC2E8491D97274200248BD0 /* Sources */ = {
			isa = PBXSourcesBuildPhase;
			buildActionMask = 2147483647;
			files = (
				7EC2E8521D97274200248BD0 /* StudentLinkUITests.swift in Sources */,
			);
			runOnlyForDeploymentPostprocessing = 0;
		};
/* End PBXSourcesBuildPhase section */

/* Begin PBXTargetDependency section */
		7EC2E84F1D97274200248BD0 /* PBXTargetDependency */ = {
			isa = PBXTargetDependency;
			target = 7EC2E8351D97274200248BD0 /* StudentLink */;
			targetProxy = 7EC2E84E1D97274200248BD0 /* PBXContainerItemProxy */;
		};
/* End PBXTargetDependency section */

/* Begin PBXVariantGroup section */
		7EC2E8451D97274200248BD0 /* LaunchScreen.storyboard */ = {
			isa = PBXVariantGroup;
			children = (
				7EC2E8461D97274200248BD0 /* Base */,
			);
			name = LaunchScreen.storyboard;
			sourceTree = "<group>";
		};
/* End PBXVariantGroup section */

/* Begin XCBuildConfiguration section */
		7EC2E8541D97274200248BD0 /* Debug */ = {
			isa = XCBuildConfiguration;
			buildSettings = {
				ALWAYS_SEARCH_USER_PATHS = NO;
				CLANG_ANALYZER_NONNULL = YES;
				CLANG_CXX_LANGUAGE_STANDARD = "gnu++0x";
				CLANG_CXX_LIBRARY = "libc++";
				CLANG_ENABLE_MODULES = YES;
				CLANG_ENABLE_OBJC_ARC = YES;
				CLANG_WARN_BOOL_CONVERSION = YES;
				CLANG_WARN_CONSTANT_CONVERSION = YES;
				CLANG_WARN_DIRECT_OBJC_ISA_USAGE = YES_ERROR;
				CLANG_WARN_EMPTY_BODY = YES;
				CLANG_WARN_ENUM_CONVERSION = YES;
				CLANG_WARN_INT_CONVERSION = YES;
				CLANG_WARN_OBJC_ROOT_CLASS = YES_ERROR;
				CLANG_WARN_UNREACHABLE_CODE = YES;
				CLANG_WARN__DUPLICATE_METHOD_MATCH = YES;
				"CODE_SIGN_IDENTITY[sdk=iphoneos*]" = "iPhone Developer";
				COPY_PHASE_STRIP = NO;
				DEBUG_INFORMATION_FORMAT = dwarf;
				ENABLE_STRICT_OBJC_MSGSEND = YES;
				ENABLE_TESTABILITY = YES;
				GCC_C_LANGUAGE_STANDARD = gnu99;
				GCC_DYNAMIC_NO_PIC = NO;
				GCC_NO_COMMON_BLOCKS = YES;
				GCC_OPTIMIZATION_LEVEL = 0;
				GCC_PREPROCESSOR_DEFINITIONS = (
					"DEBUG=1",
					"$(inherited)",
				);
				GCC_WARN_64_TO_32_BIT_CONVERSION = YES;
				GCC_WARN_ABOUT_RETURN_TYPE = YES_ERROR;
				GCC_WARN_UNDECLARED_SELECTOR = YES;
				GCC_WARN_UNINITIALIZED_AUTOS = YES_AGGRESSIVE;
				GCC_WARN_UNUSED_FUNCTION = YES;
				GCC_WARN_UNUSED_VARIABLE = YES;
				IPHONEOS_DEPLOYMENT_TARGET = 9.3;
				MTL_ENABLE_DEBUG_INFO = YES;
				ONLY_ACTIVE_ARCH = YES;
				SDKROOT = iphoneos;
				SWIFT_OPTIMIZATION_LEVEL = "-Onone";
				TARGETED_DEVICE_FAMILY = "1,2";
			};
			name = Debug;
		};
		7EC2E8551D97274200248BD0 /* Release */ = {
			isa = XCBuildConfiguration;
			buildSettings = {
				ALWAYS_SEARCH_USER_PATHS = NO;
				CLANG_ANALYZER_NONNULL = YES;
				CLANG_CXX_LANGUAGE_STANDARD = "gnu++0x";
				CLANG_CXX_LIBRARY = "libc++";
				CLANG_ENABLE_MODULES = YES;
				CLANG_ENABLE_OBJC_ARC = YES;
				CLANG_WARN_BOOL_CONVERSION = YES;
				CLANG_WARN_CONSTANT_CONVERSION = YES;
				CLANG_WARN_DIRECT_OBJC_ISA_USAGE = YES_ERROR;
				CLANG_WARN_EMPTY_BODY = YES;
				CLANG_WARN_ENUM_CONVERSION = YES;
				CLANG_WARN_INT_CONVERSION = YES;
				CLANG_WARN_OBJC_ROOT_CLASS = YES_ERROR;
				CLANG_WARN_UNREACHABLE_CODE = YES;
				CLANG_WARN__DUPLICATE_METHOD_MATCH = YES;
				"CODE_SIGN_IDENTITY[sdk=iphoneos*]" = "iPhone Developer";
				COPY_PHASE_STRIP = NO;
				DEBUG_INFORMATION_FORMAT = "dwarf-with-dsym";
				ENABLE_NS_ASSERTIONS = NO;
				ENABLE_STRICT_OBJC_MSGSEND = YES;
				GCC_C_LANGUAGE_STANDARD = gnu99;
				GCC_NO_COMMON_BLOCKS = YES;
				GCC_WARN_64_TO_32_BIT_CONVERSION = YES;
				GCC_WARN_ABOUT_RETURN_TYPE = YES_ERROR;
				GCC_WARN_UNDECLARED_SELECTOR = YES;
				GCC_WARN_UNINITIALIZED_AUTOS = YES_AGGRESSIVE;
				GCC_WARN_UNUSED_FUNCTION = YES;
				GCC_WARN_UNUSED_VARIABLE = YES;
				IPHONEOS_DEPLOYMENT_TARGET = 9.3;
				MTL_ENABLE_DEBUG_INFO = NO;
				SDKROOT = iphoneos;
				TARGETED_DEVICE_FAMILY = "1,2";
				VALIDATE_PRODUCT = YES;
			};
			name = Release;
		};
		7EC2E8571D97274200248BD0 /* Debug */ = {
			isa = XCBuildConfiguration;
			baseConfigurationReference = A8A38D40D498274892667242 /* Pods-StudentLink.debug.xcconfig */;
			buildSettings = {
				ASSETCATALOG_COMPILER_APPICON_NAME = AppIcon;
				FRAMEWORK_SEARCH_PATHS = (
					"$(inherited)",
					"$(PROJECT_DIR)",
				);
				INFOPLIST_FILE = StudentLink/Info.plist;
				LD_RUNPATH_SEARCH_PATHS = "$(inherited) @executable_path/Frameworks";
				PRODUCT_BUNDLE_IDENTIFIER = com.StudentLink.StudentLink;
				PRODUCT_NAME = "$(TARGET_NAME)";
			};
			name = Debug;
		};
		7EC2E8581D97274200248BD0 /* Release */ = {
			isa = XCBuildConfiguration;
			baseConfigurationReference = 6D8FEF1FDC37992E8582AF44 /* Pods-StudentLink.release.xcconfig */;
			buildSettings = {
				ASSETCATALOG_COMPILER_APPICON_NAME = AppIcon;
				FRAMEWORK_SEARCH_PATHS = (
					"$(inherited)",
					"$(PROJECT_DIR)",
				);
				INFOPLIST_FILE = StudentLink/Info.plist;
				LD_RUNPATH_SEARCH_PATHS = "$(inherited) @executable_path/Frameworks";
				PRODUCT_BUNDLE_IDENTIFIER = com.StudentLink.StudentLink;
				PRODUCT_NAME = "$(TARGET_NAME)";
			};
			name = Release;
		};
		7EC2E85A1D97274200248BD0 /* Debug */ = {
			isa = XCBuildConfiguration;
			baseConfigurationReference = A0D74502D4613ADE973C7F5B /* Pods-StudentLinkUITests.debug.xcconfig */;
			buildSettings = {
				INFOPLIST_FILE = StudentLinkUITests/Info.plist;
				LD_RUNPATH_SEARCH_PATHS = "$(inherited) @executable_path/Frameworks @loader_path/Frameworks";
				PRODUCT_BUNDLE_IDENTIFIER = com.StudentLink.StudentLinkUITests;
				PRODUCT_NAME = "$(TARGET_NAME)";
				TEST_TARGET_NAME = StudentLink;
			};
			name = Debug;
		};
		7EC2E85B1D97274200248BD0 /* Release */ = {
			isa = XCBuildConfiguration;
			baseConfigurationReference = 7B7D4D2DF36ACA9533B0DC90 /* Pods-StudentLinkUITests.release.xcconfig */;
			buildSettings = {
				INFOPLIST_FILE = StudentLinkUITests/Info.plist;
				LD_RUNPATH_SEARCH_PATHS = "$(inherited) @executable_path/Frameworks @loader_path/Frameworks";
				PRODUCT_BUNDLE_IDENTIFIER = com.StudentLink.StudentLinkUITests;
				PRODUCT_NAME = "$(TARGET_NAME)";
				TEST_TARGET_NAME = StudentLink;
			};
			name = Release;
		};
/* End XCBuildConfiguration section */

/* Begin XCConfigurationList section */
		7EC2E8311D97274200248BD0 /* Build configuration list for PBXProject "StudentLink" */ = {
			isa = XCConfigurationList;
			buildConfigurations = (
				7EC2E8541D97274200248BD0 /* Debug */,
				7EC2E8551D97274200248BD0 /* Release */,
			);
			defaultConfigurationIsVisible = 0;
			defaultConfigurationName = Release;
		};
		7EC2E8561D97274200248BD0 /* Build configuration list for PBXNativeTarget "StudentLink" */ = {
			isa = XCConfigurationList;
			buildConfigurations = (
				7EC2E8571D97274200248BD0 /* Debug */,
				7EC2E8581D97274200248BD0 /* Release */,
			);
			defaultConfigurationIsVisible = 0;
			defaultConfigurationName = Release;
		};
		7EC2E8591D97274200248BD0 /* Build configuration list for PBXNativeTarget "StudentLinkUITests" */ = {
			isa = XCConfigurationList;
			buildConfigurations = (
				7EC2E85A1D97274200248BD0 /* Debug */,
				7EC2E85B1D97274200248BD0 /* Release */,
			);
			defaultConfigurationIsVisible = 0;
			defaultConfigurationName = Release;
		};
/* End XCConfigurationList section */

/* Begin XCVersionGroup section */
		7EC2E8401D97274200248BD0 /* StudentLink.xcdatamodeld */ = {
			isa = XCVersionGroup;
			children = (
				7EC2E8411D97274200248BD0 /* StudentLink.xcdatamodel */,
			);
			currentVersion = 7EC2E8411D97274200248BD0 /* StudentLink.xcdatamodel */;
			path = StudentLink.xcdatamodeld;
			sourceTree = "<group>";
			versionGroupType = wrapper.xcdatamodel;
		};
/* End XCVersionGroup section */
	};
	rootObject = 7EC2E82E1D97274200248BD0 /* Project object */;
}
