// !$*UTF8*$!
{
	archiveVersion = 1;
	classes = {
	};
	objectVersion = 46;
	objects = {

/* Begin PBXBuildFile section */
		7EC2E83A1D97274200248BD0 /* AppDelegate.swift in Sources */ = {isa = PBXBuildFile; fileRef = 7EC2E8391D97274200248BD0 /* AppDelegate.swift */; };
		7EC2E8421D97274200248BD0 /* StudentLink.xcdatamodeld in Sources */ = {isa = PBXBuildFile; fileRef = 7EC2E8401D97274200248BD0 /* StudentLink.xcdatamodeld */; };
		7EC2E8441D97274200248BD0 /* Assets.xcassets in Resources */ = {isa = PBXBuildFile; fileRef = 7EC2E8431D97274200248BD0 /* Assets.xcassets */; };
		7EC2E8471D97274200248BD0 /* LaunchScreen.storyboard in Resources */ = {isa = PBXBuildFile; fileRef = 7EC2E8451D97274200248BD0 /* LaunchScreen.storyboard */; };
		7EC2E8521D97274200248BD0 /* StudentLinkUITests.swift in Sources */ = {isa = PBXBuildFile; fileRef = 7EC2E8511D97274200248BD0 /* StudentLinkUITests.swift */; };
/* End PBXBuildFile section */

/* Begin PBXContainerItemProxy section */
		7EC2E84E1D97274200248BD0 /* PBXContainerItemProxy */ = {
			isa = PBXContainerItemProxy;
			containerPortal = 7EC2E82E1D97274200248BD0 /* Project object */;
			proxyType = 1;
			remoteGlobalIDString = 7EC2E8351D97274200248BD0;
			remoteInfo = StudentLink;
		};
/* End PBXContainerItemProxy section */

/* Begin PBXFileReference section */
		7EC2E8361D97274200248BD0 /* StudentLink.app */ = {isa = PBXFileReference; explicitFileType = wrapper.application; includeInIndex = 0; path = StudentLink.app; sourceTree = BUILT_PRODUCTS_DIR; };
		7EC2E8391D97274200248BD0 /* AppDelegate.swift */ = {isa = PBXFileReference; lastKnownFileType = sourcecode.swift; path = AppDelegate.swift; sourceTree = "<group>"; };
		7EC2E8411D97274200248BD0 /* StudentLink.xcdatamodel */ = {isa = PBXFileReference; lastKnownFileType = wrapper.xcdatamodel; path = StudentLink.xcdatamodel; sourceTree = "<group>"; };
		7EC2E8431D97274200248BD0 /* Assets.xcassets */ = {isa = PBXFileReference; lastKnownFileType = folder.assetcatalog; path = Assets.xcassets; sourceTree = "<group>"; };
		7EC2E8461D97274200248BD0 /* Base */ = {isa = PBXFileReference; lastKnownFileType = file.storyboard; name = Base; path = Base.lproj/LaunchScreen.storyboard; sourceTree = "<group>"; };
		7EC2E8481D97274200248BD0 /* Info.plist */ = {isa = PBXFileReference; lastKnownFileType = text.plist.xml; path = Info.plist; sourceTree = "<group>"; };
		7EC2E84D1D97274200248BD0 /* StudentLinkUITests.xctest */ = {isa = PBXFileReference; explicitFileType = wrapper.cfbundle; includeInIndex = 0; path = StudentLinkUITests.xctest; sourceTree = BUILT_PRODUCTS_DIR; };
		7EC2E8511D97274200248BD0 /* StudentLinkUITests.swift */ = {isa = PBXFileReference; lastKnownFileType = sourcecode.swift; path = StudentLinkUITests.swift; sourceTree = "<group>"; };
		7EC2E8531D97274200248BD0 /* Info.plist */ = {isa = PBXFileReference; lastKnownFileType = text.plist.xml; path = Info.plist; sourceTree = "<group>"; };
/* End PBXFileReference section */

/* Begin PBXFrameworksBuildPhase section */
		7EC2E8331D97274200248BD0 /* Frameworks */ = {
			isa = PBXFrameworksBuildPhase;
			buildActionMask = 2147483647;
			files = (
			);
			runOnlyForDeploymentPostprocessing = 0;
		};
		7EC2E84A1D97274200248BD0 /* Frameworks */ = {
			isa = PBXFrameworksBuildPhase;
			buildActionMask = 2147483647;
			files = (
			);
			runOnlyForDeploymentPostprocessing = 0;
		};
/* End PBXFrameworksBuildPhase section */

/* Begin PBXGroup section */
		7EC2E82D1D97274200248BD0 = {
			isa = PBXGroup;
			children = (
				7EC2E8381D97274200248BD0 /* StudentLink */,
				7EC2E8501D97274200248BD0 /* StudentLinkUITests */,
				7EC2E8371D97274200248BD0 /* Products */,
			);
			sourceTree = "<group>";
		};
		7EC2E8371D97274200248BD0 /* Products */ = {
			isa = PBXGroup;
			children = (
				7EC2E8361D97274200248BD0 /* StudentLink.app */,
				7EC2E84D1D97274200248BD0 /* StudentLinkUITests.xctest */,
			);
			name = Products;
			sourceTree = "<group>";
		};
		7EC2E8381D97274200248BD0 /* StudentLink */ = {
			isa = PBXGroup;
			children = (
				7EC2E8601D9727F400248BD0 /* Controllers */,
				7EC2E85F1D9727EE00248BD0 /* View */,
				7EC2E85E1D9727DF00248BD0 /* Models */,
				7EC2E85D1D9727D400248BD0 /* Helpers */,
				7EC2E85C1D9727C200248BD0 /* Supporting Files */,
			);
			path = StudentLink;
			sourceTree = "<group>";
		};
		7EC2E8501D97274200248BD0 /* StudentLinkUITests */ = {
			isa = PBXGroup;
			children = (
				7EC2E8511D97274200248BD0 /* StudentLinkUITests.swift */,
				7EC2E8531D97274200248BD0 /* Info.plist */,
			);
			path = StudentLinkUITests;
			sourceTree = "<group>";
		};
		7EC2E85C1D9727C200248BD0 /* Supporting Files */ = {
			isa = PBXGroup;
			children = (
				7EC2E8391D97274200248BD0 /* AppDelegate.swift */,
				7EC2E8431D97274200248BD0 /* Assets.xcassets */,
				7EC2E8451D97274200248BD0 /* LaunchScreen.storyboard */,
				7EC2E8481D97274200248BD0 /* Info.plist */,
				7EC2E8401D97274200248BD0 /* StudentLink.xcdatamodeld */,
			);
			name = "Supporting Files";
			sourceTree = "<group>";
		};
		7EC2E85D1D9727D400248BD0 /* Helpers */ = {
			isa = PBXGroup;
			children = (
				7EC2E8621D9727FD00248BD0 /* Networking */,
				7EC2E8611D9727F900248BD0 /* Extensions */,
			);
			name = Helpers;
			sourceTree = "<group>";
		};
		7EC2E85E1D9727DF00248BD0 /* Models */ = {
			isa = PBXGroup;
			children = (
			);
			name = Models;
			sourceTree = "<group>";
		};
		7EC2E85F1D9727EE00248BD0 /* View */ = {
			isa = PBXGroup;
			children = (
			);
			name = View;
			sourceTree = "<group>";
		};
		7EC2E8601D9727F400248BD0 /* Controllers */ = {
			isa = PBXGroup;
			children = (
			);
			name = Controllers;
			sourceTree = "<group>";
		};
		7EC2E8611D9727F900248BD0 /* Extensions */ = {
			isa = PBXGroup;
			children = (
			);
			name = Extensions;
			sourceTree = "<group>";
		};
		7EC2E8621D9727FD00248BD0 /* Networking */ = {
			isa = PBXGroup;
			children = (
			);
			name = Networking;
			sourceTree = "<group>";
		};
/* End PBXGroup section */

/* Begin PBXNativeTarget section */
		7EC2E8351D97274200248BD0 /* StudentLink */ = {
			isa = PBXNativeTarget;
			buildConfigurationList = 7EC2E8561D97274200248BD0 /* Build configuration list for PBXNativeTarget "StudentLink" */;
			buildPhases = (
				7EC2E8321D97274200248BD0 /* Sources */,
				7EC2E8331D97274200248BD0 /* Frameworks */,
				7EC2E8341D97274200248BD0 /* Resources */,
			);
			buildRules = (
			);
			dependencies = (
			);
			name = StudentLink;
			productName = StudentLink;
			productReference = 7EC2E8361D97274200248BD0 /* StudentLink.app */;
			productType = "com.apple.product-type.application";
		};
		7EC2E84C1D97274200248BD0 /* StudentLinkUITests */ = {
			isa = PBXNativeTarget;
			buildConfigurationList = 7EC2E8591D97274200248BD0 /* Build configuration list for PBXNativeTarget "StudentLinkUITests" */;
			buildPhases = (
				7EC2E8491D97274200248BD0 /* Sources */,
				7EC2E84A1D97274200248BD0 /* Frameworks */,
				7EC2E84B1D97274200248BD0 /* Resources */,
			);
			buildRules = (
			);
			dependencies = (
				7EC2E84F1D97274200248BD0 /* PBXTargetDependency */,
			);
			name = StudentLinkUITests;
			productName = StudentLinkUITests;
			productReference = 7EC2E84D1D97274200248BD0 /* StudentLinkUITests.xctest */;
			productType = "com.apple.product-type.bundle.ui-testing";
		};
/* End PBXNativeTarget section */

/* Begin PBXProject section */
		7EC2E82E1D97274200248BD0 /* Project object */ = {
			isa = PBXProject;
			attributes = {
				LastSwiftUpdateCheck = 0730;
				LastUpgradeCheck = 0730;
				ORGANIZATIONNAME = StudentLink;
				TargetAttributes = {
					7EC2E8351D97274200248BD0 = {
						CreatedOnToolsVersion = 7.3.1;
					};
					7EC2E84C1D97274200248BD0 = {
						CreatedOnToolsVersion = 7.3.1;
						TestTargetID = 7EC2E8351D97274200248BD0;
					};
				};
			};
			buildConfigurationList = 7EC2E8311D97274200248BD0 /* Build configuration list for PBXProject "StudentLink" */;
			compatibilityVersion = "Xcode 3.2";
			developmentRegion = English;
			hasScannedForEncodings = 0;
			knownRegions = (
				en,
				Base,
			);
			mainGroup = 7EC2E82D1D97274200248BD0;
			productRefGroup = 7EC2E8371D97274200248BD0 /* Products */;
			projectDirPath = "";
			projectRoot = "";
			targets = (
				7EC2E8351D97274200248BD0 /* StudentLink */,
				7EC2E84C1D97274200248BD0 /* StudentLinkUITests */,
			);
		};
/* End PBXProject section */

/* Begin PBXResourcesBuildPhase section */
		7EC2E8341D97274200248BD0 /* Resources */ = {
			isa = PBXResourcesBuildPhase;
			buildActionMask = 2147483647;
			files = (
				7EC2E8471D97274200248BD0 /* LaunchScreen.storyboard in Resources */,
				7EC2E8441D97274200248BD0 /* Assets.xcassets in Resources */,
			);
			runOnlyForDeploymentPostprocessing = 0;
		};
		7EC2E84B1D97274200248BD0 /* Resources */ = {
			isa = PBXResourcesBuildPhase;
			buildActionMask = 2147483647;
			files = (
			);
			runOnlyForDeploymentPostprocessing = 0;
		};
/* End PBXResourcesBuildPhase section */

/* Begin PBXSourcesBuildPhase section */
		7EC2E8321D97274200248BD0 /* Sources */ = {
			isa = PBXSourcesBuildPhase;
			buildActionMask = 2147483647;
			files = (
				7EC2E8421D97274200248BD0 /* StudentLink.xcdatamodeld in Sources */,
				7EC2E83A1D97274200248BD0 /* AppDelegate.swift in Sources */,
			);
			runOnlyForDeploymentPostprocessing = 0;
		};
		7EC2E8491D97274200248BD0 /* Sources */ = {
			isa = PBXSourcesBuildPhase;
			buildActionMask = 2147483647;
			files = (
				7EC2E8521D97274200248BD0 /* StudentLinkUITests.swift in Sources */,
			);
			runOnlyForDeploymentPostprocessing = 0;
		};
/* End PBXSourcesBuildPhase section */

/* Begin PBXTargetDependency section */
		7EC2E84F1D97274200248BD0 /* PBXTargetDependency */ = {
			isa = PBXTargetDependency;
			target = 7EC2E8351D97274200248BD0 /* StudentLink */;
			targetProxy = 7EC2E84E1D97274200248BD0 /* PBXContainerItemProxy */;
		};
/* End PBXTargetDependency section */

/* Begin PBXVariantGroup section */
		7EC2E8451D97274200248BD0 /* LaunchScreen.storyboard */ = {
			isa = PBXVariantGroup;
			children = (
				7EC2E8461D97274200248BD0 /* Base */,
			);
			name = LaunchScreen.storyboard;
			sourceTree = "<group>";
		};
/* End PBXVariantGroup section */

/* Begin XCBuildConfiguration section */
		7EC2E8541D97274200248BD0 /* Debug */ = {
			isa = XCBuildConfiguration;
			buildSettings = {
				ALWAYS_SEARCH_USER_PATHS = NO;
				CLANG_ANALYZER_NONNULL = YES;
				CLANG_CXX_LANGUAGE_STANDARD = "gnu++0x";
				CLANG_CXX_LIBRARY = "libc++";
				CLANG_ENABLE_MODULES = YES;
				CLANG_ENABLE_OBJC_ARC = YES;
				CLANG_WARN_BOOL_CONVERSION = YES;
				CLANG_WARN_CONSTANT_CONVERSION = YES;
				CLANG_WARN_DIRECT_OBJC_ISA_USAGE = YES_ERROR;
				CLANG_WARN_EMPTY_BODY = YES;
				CLANG_WARN_ENUM_CONVERSION = YES;
				CLANG_WARN_INT_CONVERSION = YES;
				CLANG_WARN_OBJC_ROOT_CLASS = YES_ERROR;
				CLANG_WARN_UNREACHABLE_CODE = YES;
				CLANG_WARN__DUPLICATE_METHOD_MATCH = YES;
				"CODE_SIGN_IDENTITY[sdk=iphoneos*]" = "iPhone Developer";
				COPY_PHASE_STRIP = NO;
				DEBUG_INFORMATION_FORMAT = dwarf;
				ENABLE_STRICT_OBJC_MSGSEND = YES;
				ENABLE_TESTABILITY = YES;
				GCC_C_LANGUAGE_STANDARD = gnu99;
				GCC_DYNAMIC_NO_PIC = NO;
				GCC_NO_COMMON_BLOCKS = YES;
				GCC_OPTIMIZATION_LEVEL = 0;
				GCC_PREPROCESSOR_DEFINITIONS = (
					"DEBUG=1",
					"$(inherited)",
				);
				GCC_WARN_64_TO_32_BIT_CONVERSION = YES;
				GCC_WARN_ABOUT_RETURN_TYPE = YES_ERROR;
				GCC_WARN_UNDECLARED_SELECTOR = YES;
				GCC_WARN_UNINITIALIZED_AUTOS = YES_AGGRESSIVE;
				GCC_WARN_UNUSED_FUNCTION = YES;
				GCC_WARN_UNUSED_VARIABLE = YES;
				IPHONEOS_DEPLOYMENT_TARGET = 9.3;
				MTL_ENABLE_DEBUG_INFO = YES;
				ONLY_ACTIVE_ARCH = YES;
				SDKROOT = iphoneos;
				SWIFT_OPTIMIZATION_LEVEL = "-Onone";
				TARGETED_DEVICE_FAMILY = "1,2";
			};
			name = Debug;
		};
		7EC2E8551D97274200248BD0 /* Release */ = {
			isa = XCBuildConfiguration;
			buildSettings = {
				ALWAYS_SEARCH_USER_PATHS = NO;
				CLANG_ANALYZER_NONNULL = YES;
				CLANG_CXX_LANGUAGE_STANDARD = "gnu++0x";
				CLANG_CXX_LIBRARY = "libc++";
				CLANG_ENABLE_MODULES = YES;
				CLANG_ENABLE_OBJC_ARC = YES;
				CLANG_WARN_BOOL_CONVERSION = YES;
				CLANG_WARN_CONSTANT_CONVERSION = YES;
				CLANG_WARN_DIRECT_OBJC_ISA_USAGE = YES_ERROR;
				CLANG_WARN_EMPTY_BODY = YES;
				CLANG_WARN_ENUM_CONVERSION = YES;
				CLANG_WARN_INT_CONVERSION = YES;
				CLANG_WARN_OBJC_ROOT_CLASS = YES_ERROR;
				CLANG_WARN_UNREACHABLE_CODE = YES;
				CLANG_WARN__DUPLICATE_METHOD_MATCH = YES;
				"CODE_SIGN_IDENTITY[sdk=iphoneos*]" = "iPhone Developer";
				COPY_PHASE_STRIP = NO;
				DEBUG_INFORMATION_FORMAT = "dwarf-with-dsym";
				ENABLE_NS_ASSERTIONS = NO;
				ENABLE_STRICT_OBJC_MSGSEND = YES;
				GCC_C_LANGUAGE_STANDARD = gnu99;
				GCC_NO_COMMON_BLOCKS = YES;
				GCC_WARN_64_TO_32_BIT_CONVERSION = YES;
				GCC_WARN_ABOUT_RETURN_TYPE = YES_ERROR;
				GCC_WARN_UNDECLARED_SELECTOR = YES;
				GCC_WARN_UNINITIALIZED_AUTOS = YES_AGGRESSIVE;
				GCC_WARN_UNUSED_FUNCTION = YES;
				GCC_WARN_UNUSED_VARIABLE = YES;
				IPHONEOS_DEPLOYMENT_TARGET = 9.3;
				MTL_ENABLE_DEBUG_INFO = NO;
				SDKROOT = iphoneos;
				TARGETED_DEVICE_FAMILY = "1,2";
				VALIDATE_PRODUCT = YES;
			};
			name = Release;
		};
		7EC2E8571D97274200248BD0 /* Debug */ = {
			isa = XCBuildConfiguration;
			buildSettings = {
				ASSETCATALOG_COMPILER_APPICON_NAME = AppIcon;
				INFOPLIST_FILE = StudentLink/Info.plist;
				LD_RUNPATH_SEARCH_PATHS = "$(inherited) @executable_path/Frameworks";
				PRODUCT_BUNDLE_IDENTIFIER = com.StudentLink.StudentLink;
				PRODUCT_NAME = "$(TARGET_NAME)";
			};
			name = Debug;
		};
		7EC2E8581D97274200248BD0 /* Release */ = {
			isa = XCBuildConfiguration;
			buildSettings = {
				ASSETCATALOG_COMPILER_APPICON_NAME = AppIcon;
				INFOPLIST_FILE = StudentLink/Info.plist;
				LD_RUNPATH_SEARCH_PATHS = "$(inherited) @executable_path/Frameworks";
				PRODUCT_BUNDLE_IDENTIFIER = com.StudentLink.StudentLink;
				PRODUCT_NAME = "$(TARGET_NAME)";
			};
			name = Release;
		};
		7EC2E85A1D97274200248BD0 /* Debug */ = {
			isa = XCBuildConfiguration;
			buildSettings = {
				INFOPLIST_FILE = StudentLinkUITests/Info.plist;
				LD_RUNPATH_SEARCH_PATHS = "$(inherited) @executable_path/Frameworks @loader_path/Frameworks";
				PRODUCT_BUNDLE_IDENTIFIER = com.StudentLink.StudentLinkUITests;
				PRODUCT_NAME = "$(TARGET_NAME)";
				TEST_TARGET_NAME = StudentLink;
			};
			name = Debug;
		};
		7EC2E85B1D97274200248BD0 /* Release */ = {
			isa = XCBuildConfiguration;
			buildSettings = {
				INFOPLIST_FILE = StudentLinkUITests/Info.plist;
				LD_RUNPATH_SEARCH_PATHS = "$(inherited) @executable_path/Frameworks @loader_path/Frameworks";
				PRODUCT_BUNDLE_IDENTIFIER = com.StudentLink.StudentLinkUITests;
				PRODUCT_NAME = "$(TARGET_NAME)";
				TEST_TARGET_NAME = StudentLink;
			};
			name = Release;
		};
/* End XCBuildConfiguration section */

/* Begin XCConfigurationList section */
		7EC2E8311D97274200248BD0 /* Build configuration list for PBXProject "StudentLink" */ = {
			isa = XCConfigurationList;
			buildConfigurations = (
				7EC2E8541D97274200248BD0 /* Debug */,
				7EC2E8551D97274200248BD0 /* Release */,
			);
			defaultConfigurationIsVisible = 0;
			defaultConfigurationName = Release;
		};
		7EC2E8561D97274200248BD0 /* Build configuration list for PBXNativeTarget "StudentLink" */ = {
			isa = XCConfigurationList;
			buildConfigurations = (
				7EC2E8571D97274200248BD0 /* Debug */,
				7EC2E8581D97274200248BD0 /* Release */,
			);
			defaultConfigurationIsVisible = 0;
		};
		7EC2E8591D97274200248BD0 /* Build configuration list for PBXNativeTarget "StudentLinkUITests" */ = {
			isa = XCConfigurationList;
			buildConfigurations = (
				7EC2E85A1D97274200248BD0 /* Debug */,
				7EC2E85B1D97274200248BD0 /* Release */,
			);
			defaultConfigurationIsVisible = 0;
		};
/* End XCConfigurationList section */

/* Begin XCVersionGroup section */
		7EC2E8401D97274200248BD0 /* StudentLink.xcdatamodeld */ = {
			isa = XCVersionGroup;
			children = (
				7EC2E8411D97274200248BD0 /* StudentLink.xcdatamodel */,
			);
			currentVersion = 7EC2E8411D97274200248BD0 /* StudentLink.xcdatamodel */;
			path = StudentLink.xcdatamodeld;
			sourceTree = "<group>";
			versionGroupType = wrapper.xcdatamodel;
		};
/* End XCVersionGroup section */
	};
	rootObject = 7EC2E82E1D97274200248BD0 /* Project object */;
}
